{
    "requires": true,
    "lockfileVersion": 1,
    "dependencies": {
        "classnames": {
            "version": "2.3.1",
            "resolved": "https://registry.npmjs.org/classnames/-/classnames-2.3.1.tgz",
            "integrity": "sha512-OlQdbZ7gLfGarSqxesMesDa5uz7KFbID8Kpq/SxIoNGDqY8lSYs0D+hhtBXhcdB3rcbXArFr7vlHheLk1voeNA=="
        },
        "core-js": {
            "version": "3.22.8",
            "resolved": "https://registry.npmjs.org/core-js/-/core-js-3.22.8.tgz",
            "integrity": "sha512-UoGQ/cfzGYIuiq6Z7vWL1HfkE9U9IZ4Ub+0XSiJTCzvbZzgPA69oDF2f+lgJ6dFFLEdjW5O6svvoKzXX23xFkA=="
        },
        "feather-icons": {
            "version": "4.29.0",
            "resolved": "https://registry.npmjs.org/feather-icons/-/feather-icons-4.29.0.tgz",
            "integrity": "sha512-Y7VqN9FYb8KdaSF0qD1081HCkm0v4Eq/fpfQYQnubpqi0hXx14k+gF9iqtRys1SIcTEi97xDi/fmsPFZ8xo0GQ==",
            "requires": {
                "classnames": "^2.2.5",
                "core-js": "^3.1.3"
            }
        },
        "flag-icon-css": {
            "version": "4.1.7",
            "resolved": "https://registry.npmjs.org/flag-icon-css/-/flag-icon-css-4.1.7.tgz",
            "integrity": "sha512-AFjSU+fv98XbU0vnTQ32vcLj89UEr1MhwDFcooQv14qWJCjg9fGZzfh9BVyDhAhIOZW/pGmJmq38RqpgPaeybQ=="
        }
    }
}
